
Microsoft Visual Studio Solution File, Format Version 12.00
# Visual Studio Version 16
VisualStudioVersion = 16.0.29509.3
MinimumVisualStudioVersion = 10.0.40219.1
Project("{9A19103F-16F7-4668-BE54-9A1E7A4F7556}") = "MAS.EmployeesTest", "MAS.EmployeesTest\MAS.EmployeesTest.csproj", "{E5AFA361-CA0A-42B7-A55F-C2688B886AB5}"
EndProject
Project("{9A19103F-16F7-4668-BE54-9A1E7A4F7556}") = "MAS.Models", "MAS.Models\MAS.Models.csproj", "{424B4D0D-5E77-4598-A774-2BF6BD87E70B}"
EndProject
Project("{9A19103F-16F7-4668-BE54-9A1E7A4F7556}") = "MAS.BusinessLogic", "MAS.BusinessLogic\MAS.BusinessLogic.csproj", "{F9EAE169-7337-46C5-99B4-41F918985748}"
EndProject
Project("{9A19103F-16F7-4668-BE54-9A1E7A4F7556}") = "MAS.Repositories", "MAS.Repositories\MAS.Repositories.csproj", "{EBEF23AE-5221-4682-9DF9-EE0489458D5C}"
EndProject
Project("{FAE04EC0-301F-11D3-BF4B-00C04F79EFBC}") = "MAS.Test", "MAS.Test\MAS.Test.csproj", "{92C1D9EC-E5CF-438E-9DF5-5B432475EBDF}"
EndProject
Global
	GlobalSection(SolutionConfigurationPlatforms) = preSolution
		Debug|Any CPU = Debug|Any CPU
		Release|Any CPU = Release|Any CPU
	EndGlobalSection
	GlobalSection(ProjectConfigurationPlatforms) = postSolution
		{E5AFA361-CA0A-42B7-A55F-C2688B886AB5}.Debug|Any CPU.ActiveCfg = Debug|Any CPU
		{E5AFA361-CA0A-42B7-A55F-C2688B886AB5}.Debug|Any CPU.Build.0 = Debug|Any CPU
		{E5AFA361-CA0A-42B7-A55F-C2688B886AB5}.Release|Any CPU.ActiveCfg = Release|Any CPU
		{E5AFA361-CA0A-42B7-A55F-C2688B886AB5}.Release|Any CPU.Build.0 = Release|Any CPU
		{424B4D0D-5E77-4598-A774-2BF6BD87E70B}.Debug|Any CPU.ActiveCfg = Debug|Any CPU
		{424B4D0D-5E77-4598-A774-2BF6BD87E70B}.Debug|Any CPU.Build.0 = Debug|Any CPU
		{424B4D0D-5E77-4598-A774-2BF6BD87E70B}.Release|Any CPU.ActiveCfg = Release|Any CPU
		{424B4D0D-5E77-4598-A774-2BF6BD87E70B}.Release|Any CPU.Build.0 = Release|Any CPU
		{F9EAE169-7337-46C5-99B4-41F918985748}.Debug|Any CPU.ActiveCfg = Debug|Any CPU
		{F9EAE169-7337-46C5-99B4-41F918985748}.Debug|Any CPU.Build.0 = Debug|Any CPU
		{F9EAE169-7337-46C5-99B4-41F918985748}.Release|Any CPU.ActiveCfg = Release|Any CPU
		{F9EAE169-7337-46C5-99B4-41F918985748}.Release|Any CPU.Build.0 = Release|Any CPU
		{EBEF23AE-5221-4682-9DF9-EE0489458D5C}.Debug|Any CPU.ActiveCfg = Debug|Any CPU
		{EBEF23AE-5221-4682-9DF9-EE0489458D5C}.Debug|Any CPU.Build.0 = Debug|Any CPU
		{EBEF23AE-5221-4682-9DF9-EE0489458D5C}.Release|Any CPU.ActiveCfg = Release|Any CPU
		{EBEF23AE-5221-4682-9DF9-EE0489458D5C}.Release|Any CPU.Build.0 = Release|Any CPU
		{92C1D9EC-E5CF-438E-9DF5-5B432475EBDF}.Debug|Any CPU.ActiveCfg = Debug|Any CPU
		{92C1D9EC-E5CF-438E-9DF5-5B432475EBDF}.Debug|Any CPU.Build.0 = Debug|Any CPU
		{92C1D9EC-E5CF-438E-9DF5-5B432475EBDF}.Release|Any CPU.ActiveCfg = Release|Any CPU
		{92C1D9EC-E5CF-438E-9DF5-5B432475EBDF}.Release|Any CPU.Build.0 = Release|Any CPU
	EndGlobalSection
	GlobalSection(SolutionProperties) = preSolution
		HideSolutionNode = FALSE
	EndGlobalSection
	GlobalSection(ExtensibilityGlobals) = postSolution
		SolutionGuid = {B27B660A-ACB4-4EA1-9C70-584C0E08166E}
	EndGlobalSection
EndGlobal
